
Microsoft Visual Studio Solution File, Format Version 12.00
# Visual Studio Version 16
VisualStudioVersion = 16.0.30804.86
MinimumVisualStudioVersion = 10.0.40219.1
Project("{FAE04EC0-301F-11D3-BF4B-00C04F79EFBC}") = "IHttpClientFactFuncV3", "IHttpClientFactFuncV3\IHttpClientFactFuncV3.csproj", "{BD0FA8D0-9178-43D4-ACAF-9CC92B0E2A9D}"
EndProject
Global
	GlobalSection(SolutionConfigurationPlatforms) = preSolution
		Debug|Any CPU = Debug|Any CPU
		Release|Any CPU = Release|Any CPU
	EndGlobalSection
	GlobalSection(ProjectConfigurationPlatforms) = postSolution
		{BD0FA8D0-9178-43D4-ACAF-9CC92B0E2A9D}.Debug|Any CPU.ActiveCfg = Debug|Any CPU
		{BD0FA8D0-9178-43D4-ACAF-9CC92B0E2A9D}.Debug|Any CPU.Build.0 = Debug|Any CPU
		{BD0FA8D0-9178-43D4-ACAF-9CC92B0E2A9D}.Release|Any CPU.ActiveCfg = Release|Any CPU
		{BD0FA8D0-9178-43D4-ACAF-9CC92B0E2A9D}.Release|Any CPU.Build.0 = Release|Any CPU
	EndGlobalSection
	GlobalSection(SolutionProperties) = preSolution
		HideSolutionNode = FALSE
	EndGlobalSection
	GlobalSection(ExtensibilityGlobals) = postSolution
		SolutionGuid = {ED0B2F8E-9918-4E48-AE8D-3E990812AB33}
	EndGlobalSection
EndGlobal
